
Microsoft Visual Studio Solution File, Format Version 12.00
# Visual Studio Version 17
VisualStudioVersion = 17.0.31903.59
MinimumVisualStudioVersion = 10.0.40219.1
Project("{FAE04EC0-301F-11D3-BF4B-00C04F79EFBC}") = "FitnessCoach.Data", "FitnessCoach.Data\FitnessCoach.Data.csproj", "{D5633994-92A6-4BBA-B32F-AD6B335447BD}"
EndProject
Project("{FAE04EC0-301F-11D3-BF4B-00C04F79EFBC}") = "FitnessCoach.DAL", "FitnessCoach.DAL\FitnessCoach.DAL.csproj", "{759F3081-1D8A-4988-BBF5-33E29AD99E90}"
EndProject
Project("{FAE04EC0-301F-11D3-BF4B-00C04F79EFBC}") = "FitnessCoach.Services", "FitnessCoach.Services\FitnessCoach.Services.csproj", "{139DBF93-9E03-47D4-8023-97C3F83AB4F3}"
EndProject
Project("{FAE04EC0-301F-11D3-BF4B-00C04F79EFBC}") = "FitnessCoach.App", "FitnessCoach.App\FitnessCoach.App.csproj", "{359BB221-F26F-4E9A-BDFF-B52F83673720}"
EndProject
Global
	GlobalSection(SolutionConfigurationPlatforms) = preSolution
		Debug|Any CPU = Debug|Any CPU
		Debug|x64 = Debug|x64
		Debug|x86 = Debug|x86
		Release|Any CPU = Release|Any CPU
		Release|x64 = Release|x64
		Release|x86 = Release|x86
	EndGlobalSection
	GlobalSection(ProjectConfigurationPlatforms) = postSolution
		{D5633994-92A6-4BBA-B32F-AD6B335447BD}.Debug|Any CPU.ActiveCfg = Debug|Any CPU
		{D5633994-92A6-4BBA-B32F-AD6B335447BD}.Debug|Any CPU.Build.0 = Debug|Any CPU
		{D5633994-92A6-4BBA-B32F-AD6B335447BD}.Debug|x64.ActiveCfg = Debug|Any CPU
		{D5633994-92A6-4BBA-B32F-AD6B335447BD}.Debug|x64.Build.0 = Debug|Any CPU
		{D5633994-92A6-4BBA-B32F-AD6B335447BD}.Debug|x86.ActiveCfg = Debug|Any CPU
		{D5633994-92A6-4BBA-B32F-AD6B335447BD}.Debug|x86.Build.0 = Debug|Any CPU
		{D5633994-92A6-4BBA-B32F-AD6B335447BD}.Release|Any CPU.ActiveCfg = Release|Any CPU
		{D5633994-92A6-4BBA-B32F-AD6B335447BD}.Release|Any CPU.Build.0 = Release|Any CPU
		{D5633994-92A6-4BBA-B32F-AD6B335447BD}.Release|x64.ActiveCfg = Release|Any CPU
		{D5633994-92A6-4BBA-B32F-AD6B335447BD}.Release|x64.Build.0 = Release|Any CPU
		{D5633994-92A6-4BBA-B32F-AD6B335447BD}.Release|x86.ActiveCfg = Release|Any CPU
		{D5633994-92A6-4BBA-B32F-AD6B335447BD}.Release|x86.Build.0 = Release|Any CPU
		{759F3081-1D8A-4988-BBF5-33E29AD99E90}.Debug|Any CPU.ActiveCfg = Debug|Any CPU
		{759F3081-1D8A-4988-BBF5-33E29AD99E90}.Debug|Any CPU.Build.0 = Debug|Any CPU
		{759F3081-1D8A-4988-BBF5-33E29AD99E90}.Debug|x64.ActiveCfg = Debug|Any CPU
		{759F3081-1D8A-4988-BBF5-33E29AD99E90}.Debug|x64.Build.0 = Debug|Any CPU
		{759F3081-1D8A-4988-BBF5-33E29AD99E90}.Debug|x86.ActiveCfg = Debug|Any CPU
		{759F3081-1D8A-4988-BBF5-33E29AD99E90}.Debug|x86.Build.0 = Debug|Any CPU
		{759F3081-1D8A-4988-BBF5-33E29AD99E90}.Release|Any CPU.ActiveCfg = Release|Any CPU
		{759F3081-1D8A-4988-BBF5-33E29AD99E90}.Release|Any CPU.Build.0 = Release|Any CPU
		{759F3081-1D8A-4988-BBF5-33E29AD99E90}.Release|x64.ActiveCfg = Release|Any CPU
		{759F3081-1D8A-4988-BBF5-33E29AD99E90}.Release|x64.Build.0 = Release|Any CPU
		{759F3081-1D8A-4988-BBF5-33E29AD99E90}.Release|x86.ActiveCfg = Release|Any CPU
		{759F3081-1D8A-4988-BBF5-33E29AD99E90}.Release|x86.Build.0 = Release|Any CPU
		{139DBF93-9E03-47D4-8023-97C3F83AB4F3}.Debug|Any CPU.ActiveCfg = Debug|Any CPU
		{139DBF93-9E03-47D4-8023-97C3F83AB4F3}.Debug|Any CPU.Build.0 = Debug|Any CPU
		{139DBF93-9E03-47D4-8023-97C3F83AB4F3}.Debug|x64.ActiveCfg = Debug|Any CPU
		{139DBF93-9E03-47D4-8023-97C3F83AB4F3}.Debug|x64.Build.0 = Debug|Any CPU
		{139DBF93-9E03-47D4-8023-97C3F83AB4F3}.Debug|x86.ActiveCfg = Debug|Any CPU
		{139DBF93-9E03-47D4-8023-97C3F83AB4F3}.Debug|x86.Build.0 = Debug|Any CPU
		{139DBF93-9E03-47D4-8023-97C3F83AB4F3}.Release|Any CPU.ActiveCfg = Release|Any CPU
		{139DBF93-9E03-47D4-8023-97C3F83AB4F3}.Release|Any CPU.Build.0 = Release|Any CPU
		{139DBF93-9E03-47D4-8023-97C3F83AB4F3}.Release|x64.ActiveCfg = Release|Any CPU
		{139DBF93-9E03-47D4-8023-97C3F83AB4F3}.Release|x64.Build.0 = Release|Any CPU
		{139DBF93-9E03-47D4-8023-97C3F83AB4F3}.Release|x86.ActiveCfg = Release|Any CPU
		{139DBF93-9E03-47D4-8023-97C3F83AB4F3}.Release|x86.Build.0 = Release|Any CPU
		{359BB221-F26F-4E9A-BDFF-B52F83673720}.Debug|Any CPU.ActiveCfg = Debug|Any CPU
		{359BB221-F26F-4E9A-BDFF-B52F83673720}.Debug|Any CPU.Build.0 = Debug|Any CPU
		{359BB221-F26F-4E9A-BDFF-B52F83673720}.Debug|x64.ActiveCfg = Debug|Any CPU
		{359BB221-F26F-4E9A-BDFF-B52F83673720}.Debug|x64.Build.0 = Debug|Any CPU
		{359BB221-F26F-4E9A-BDFF-B52F83673720}.Debug|x86.ActiveCfg = Debug|Any CPU
		{359BB221-F26F-4E9A-BDFF-B52F83673720}.Debug|x86.Build.0 = Debug|Any CPU
		{359BB221-F26F-4E9A-BDFF-B52F83673720}.Release|Any CPU.ActiveCfg = Release|Any CPU
		{359BB221-F26F-4E9A-BDFF-B52F83673720}.Release|Any CPU.Build.0 = Release|Any CPU
		{359BB221-F26F-4E9A-BDFF-B52F83673720}.Release|x64.ActiveCfg = Release|Any CPU
		{359BB221-F26F-4E9A-BDFF-B52F83673720}.Release|x64.Build.0 = Release|Any CPU
		{359BB221-F26F-4E9A-BDFF-B52F83673720}.Release|x86.ActiveCfg = Release|Any CPU
		{359BB221-F26F-4E9A-BDFF-B52F83673720}.Release|x86.Build.0 = Release|Any CPU
	EndGlobalSection
	GlobalSection(SolutionProperties) = preSolution
		HideSolutionNode = FALSE
	EndGlobalSection
EndGlobal
